
Microsoft Visual Studio Solution File, Format Version 12.00
# Visual Studio Version 16
VisualStudioVersion = 16.0.30204.135
MinimumVisualStudioVersion = 10.0.40219.1
Project("{FAE04EC0-301F-11D3-BF4B-00C04F79EFBC}") = "PizzeriaOnline", "PizzeriaOnline\PizzeriaOnline.csproj", "{40DE1D2A-F76D-40FF-AD7E-60D10DC50F18}"
EndProject
Global
	GlobalSection(SolutionConfigurationPlatforms) = preSolution
		Debug|Any CPU = Debug|Any CPU
		Release|Any CPU = Release|Any CPU
	EndGlobalSection
	GlobalSection(ProjectConfigurationPlatforms) = postSolution
		{40DE1D2A-F76D-40FF-AD7E-60D10DC50F18}.Debug|Any CPU.ActiveCfg = Debug|Any CPU
		{40DE1D2A-F76D-40FF-AD7E-60D10DC50F18}.Debug|Any CPU.Build.0 = Debug|Any CPU
		{40DE1D2A-F76D-40FF-AD7E-60D10DC50F18}.Release|Any CPU.ActiveCfg = Release|Any CPU
		{40DE1D2A-F76D-40FF-AD7E-60D10DC50F18}.Release|Any CPU.Build.0 = Release|Any CPU
	EndGlobalSection
	GlobalSection(SolutionProperties) = preSolution
		HideSolutionNode = FALSE
	EndGlobalSection
	GlobalSection(ExtensibilityGlobals) = postSolution
		SolutionGuid = {4852AB8E-A68A-4298-94B5-8B310F03D5E5}
	EndGlobalSection
EndGlobal
